
Microsoft Visual Studio Solution File, Format Version 12.00
# Visual Studio Version 17
VisualStudioVersion = 17.14.36127.28 d17.14
MinimumVisualStudioVersion = 10.0.40219.1
Project("{FAE04EC0-301F-11D3-BF4B-00C04F79EFBC}") = "GS_CSHARP", "GS_CSHARP.csproj", "{BD0C0626-2C14-49AA-AFDA-0660E7C26831}"
EndProject
Global
	GlobalSection(SolutionConfigurationPlatforms) = preSolution
		Debug|Any CPU = Debug|Any CPU
		Release|Any CPU = Release|Any CPU
	EndGlobalSection
	GlobalSection(ProjectConfigurationPlatforms) = postSolution
		{BD0C0626-2C14-49AA-AFDA-0660E7C26831}.Debug|Any CPU.ActiveCfg = Debug|Any CPU
		{BD0C0626-2C14-49AA-AFDA-0660E7C26831}.Debug|Any CPU.Build.0 = Debug|Any CPU
		{BD0C0626-2C14-49AA-AFDA-0660E7C26831}.Release|Any CPU.ActiveCfg = Release|Any CPU
		{BD0C0626-2C14-49AA-AFDA-0660E7C26831}.Release|Any CPU.Build.0 = Release|Any CPU
	EndGlobalSection
	GlobalSection(SolutionProperties) = preSolution
		HideSolutionNode = FALSE
	EndGlobalSection
	GlobalSection(ExtensibilityGlobals) = postSolution
		SolutionGuid = {D1FF6D21-CC19-449D-B5DF-EDB369771194}
	EndGlobalSection
EndGlobal
